
Microsoft Visual Studio Solution File, Format Version 12.00
# Visual Studio Version 16
VisualStudioVersion = 16.0.29920.165
MinimumVisualStudioVersion = 10.0.40219.1
Project("{FAE04EC0-301F-11D3-BF4B-00C04F79EFBC}") = "Backend", "Backend\Backend.csproj", "{004E3AAA-22F4-4F83-97BE-9421ECF24951}"
EndProject
Project("{FAE04EC0-301F-11D3-BF4B-00C04F79EFBC}") = "Frontend", "FrontEnd\Frontend.csproj", "{D08B88FC-91AE-430C-9015-CCFF317AD9AA}"
EndProject
Global
	GlobalSection(SolutionConfigurationPlatforms) = preSolution
		Debug|Any CPU = Debug|Any CPU
		Release|Any CPU = Release|Any CPU
	EndGlobalSection
	GlobalSection(ProjectConfigurationPlatforms) = postSolution
		{004E3AAA-22F4-4F83-97BE-9421ECF24951}.Debug|Any CPU.ActiveCfg = Debug|Any CPU
		{004E3AAA-22F4-4F83-97BE-9421ECF24951}.Debug|Any CPU.Build.0 = Debug|Any CPU
		{004E3AAA-22F4-4F83-97BE-9421ECF24951}.Release|Any CPU.ActiveCfg = Release|Any CPU
		{004E3AAA-22F4-4F83-97BE-9421ECF24951}.Release|Any CPU.Build.0 = Release|Any CPU
		{D08B88FC-91AE-430C-9015-CCFF317AD9AA}.Debug|Any CPU.ActiveCfg = Debug|Any CPU
		{D08B88FC-91AE-430C-9015-CCFF317AD9AA}.Debug|Any CPU.Build.0 = Debug|Any CPU
		{D08B88FC-91AE-430C-9015-CCFF317AD9AA}.Release|Any CPU.ActiveCfg = Release|Any CPU
		{D08B88FC-91AE-430C-9015-CCFF317AD9AA}.Release|Any CPU.Build.0 = Release|Any CPU
	EndGlobalSection
	GlobalSection(SolutionProperties) = preSolution
		HideSolutionNode = FALSE
	EndGlobalSection
	GlobalSection(ExtensibilityGlobals) = postSolution
		SolutionGuid = {460555B4-E497-4AA0-B7B2-AC3E0D9F7F73}
	EndGlobalSection
EndGlobal
